
Microsoft Visual Studio Solution File, Format Version 12.00
# Visual Studio 15
VisualStudioVersion = 15.0.28307.2092
MinimumVisualStudioVersion = 10.0.40219.1
Project("{FAE04EC0-301F-11D3-BF4B-00C04F79EFBC}") = "GitHubLearn-VisualStudio", "GitHubLearn-VisualStudio\GitHubLearn-VisualStudio.csproj", "{734F65CA-A5CA-4886-B3BD-03A99C321045}"
EndProject
Global
	GlobalSection(SolutionConfigurationPlatforms) = preSolution
		Debug|Any CPU = Debug|Any CPU
		Release|Any CPU = Release|Any CPU
	EndGlobalSection
	GlobalSection(ProjectConfigurationPlatforms) = postSolution
		{734F65CA-A5CA-4886-B3BD-03A99C321045}.Debug|Any CPU.ActiveCfg = Debug|Any CPU
		{734F65CA-A5CA-4886-B3BD-03A99C321045}.Debug|Any CPU.Build.0 = Debug|Any CPU
		{734F65CA-A5CA-4886-B3BD-03A99C321045}.Release|Any CPU.ActiveCfg = Release|Any CPU
		{734F65CA-A5CA-4886-B3BD-03A99C321045}.Release|Any CPU.Build.0 = Release|Any CPU
	EndGlobalSection
	GlobalSection(SolutionProperties) = preSolution
		HideSolutionNode = FALSE
	EndGlobalSection
	GlobalSection(ExtensibilityGlobals) = postSolution
		SolutionGuid = {9FFB9D75-13D6-4BBA-A4FA-D0ED1FD61B2A}
	EndGlobalSection
EndGlobal
